
Microsoft Visual Studio Solution File, Format Version 12.00
# Visual Studio 15
VisualStudioVersion = 15.0.27130.2024
MinimumVisualStudioVersion = 10.0.40219.1
Project("{FAE04EC0-301F-11D3-BF4B-00C04F79EFBC}") = "Ayiza_Backend", "Ayiza_Backend\Ayiza_Backend.csproj", "{477AF5BF-EB98-4536-9C83-8A6E84F415F7}"
EndProject
Project("{FAE04EC0-301F-11D3-BF4B-00C04F79EFBC}") = "DataLayer", "DataLayer\DataLayer.csproj", "{C89FCF6C-56B5-4A90-A467-655BA018C3AB}"
EndProject
Project("{FAE04EC0-301F-11D3-BF4B-00C04F79EFBC}") = "ServiceLayer", "ServiceLayer\ServiceLayer.csproj", "{5F3DDFF8-B03C-4E20-9653-D71E2B62102F}"
EndProject
Project("{FAE04EC0-301F-11D3-BF4B-00C04F79EFBC}") = "NetworkModels", "NetworkModels\NetworkModels.csproj", "{F6EF2AED-A468-48E7-AA43-F0E4FDE84480}"
EndProject
Project("{FAE04EC0-301F-11D3-BF4B-00C04F79EFBC}") = "Utilities", "Utilities\Utilities.csproj", "{66E7D187-81D7-4DD9-BF51-0D6A76D38BBB}"
EndProject
Global
	GlobalSection(SolutionConfigurationPlatforms) = preSolution
		Debug|Any CPU = Debug|Any CPU
		Release|Any CPU = Release|Any CPU
	EndGlobalSection
	GlobalSection(ProjectConfigurationPlatforms) = postSolution
		{477AF5BF-EB98-4536-9C83-8A6E84F415F7}.Debug|Any CPU.ActiveCfg = Debug|Any CPU
		{477AF5BF-EB98-4536-9C83-8A6E84F415F7}.Debug|Any CPU.Build.0 = Debug|Any CPU
		{477AF5BF-EB98-4536-9C83-8A6E84F415F7}.Release|Any CPU.ActiveCfg = Release|Any CPU
		{477AF5BF-EB98-4536-9C83-8A6E84F415F7}.Release|Any CPU.Build.0 = Release|Any CPU
		{C89FCF6C-56B5-4A90-A467-655BA018C3AB}.Debug|Any CPU.ActiveCfg = Debug|Any CPU
		{C89FCF6C-56B5-4A90-A467-655BA018C3AB}.Debug|Any CPU.Build.0 = Debug|Any CPU
		{C89FCF6C-56B5-4A90-A467-655BA018C3AB}.Release|Any CPU.ActiveCfg = Release|Any CPU
		{C89FCF6C-56B5-4A90-A467-655BA018C3AB}.Release|Any CPU.Build.0 = Release|Any CPU
		{5F3DDFF8-B03C-4E20-9653-D71E2B62102F}.Debug|Any CPU.ActiveCfg = Debug|Any CPU
		{5F3DDFF8-B03C-4E20-9653-D71E2B62102F}.Debug|Any CPU.Build.0 = Debug|Any CPU
		{5F3DDFF8-B03C-4E20-9653-D71E2B62102F}.Release|Any CPU.ActiveCfg = Release|Any CPU
		{5F3DDFF8-B03C-4E20-9653-D71E2B62102F}.Release|Any CPU.Build.0 = Release|Any CPU
		{F6EF2AED-A468-48E7-AA43-F0E4FDE84480}.Debug|Any CPU.ActiveCfg = Debug|Any CPU
		{F6EF2AED-A468-48E7-AA43-F0E4FDE84480}.Debug|Any CPU.Build.0 = Debug|Any CPU
		{F6EF2AED-A468-48E7-AA43-F0E4FDE84480}.Release|Any CPU.ActiveCfg = Release|Any CPU
		{F6EF2AED-A468-48E7-AA43-F0E4FDE84480}.Release|Any CPU.Build.0 = Release|Any CPU
		{66E7D187-81D7-4DD9-BF51-0D6A76D38BBB}.Debug|Any CPU.ActiveCfg = Debug|Any CPU
		{66E7D187-81D7-4DD9-BF51-0D6A76D38BBB}.Debug|Any CPU.Build.0 = Debug|Any CPU
		{66E7D187-81D7-4DD9-BF51-0D6A76D38BBB}.Release|Any CPU.ActiveCfg = Release|Any CPU
		{66E7D187-81D7-4DD9-BF51-0D6A76D38BBB}.Release|Any CPU.Build.0 = Release|Any CPU
	EndGlobalSection
	GlobalSection(SolutionProperties) = preSolution
		HideSolutionNode = FALSE
	EndGlobalSection
	GlobalSection(ExtensibilityGlobals) = postSolution
		SolutionGuid = {7EACE878-517B-4960-AA02-465AA3CFFF40}
	EndGlobalSection
EndGlobal
